
Microsoft Visual Studio Solution File, Format Version 12.00
# Visual Studio Version 16
VisualStudioVersion = 16.0.30413.136
MinimumVisualStudioVersion = 10.0.40219.1
Project("{2150E333-8FDC-42A3-9474-1A3956D46DE8}") = "Solution Items", "Solution Items", "{3465E22A-2B94-448B-BF5E-37E464BF62D5}"
	ProjectSection(SolutionItems) = preProject
		..\.editorconfig = ..\.editorconfig
		..\.gitignore = ..\.gitignore
		..\src\analyzers.ruleset = ..\src\analyzers.ruleset
		Directory.build.props = Directory.build.props
		..\src\stylecop.json = ..\src\stylecop.json
	EndProjectSection
EndProject
Project("{9A19103F-16F7-4668-BE54-9A1E7A4F7556}") = "LoginApp", "LoginApp\LoginApp.csproj", "{A4B47D0D-AA6A-4698-A8FE-612ADE83BBFC}"
EndProject
Project("{2150E333-8FDC-42A3-9474-1A3956D46DE8}") = "Targets", "Targets", "{ECC07E3E-9E01-410F-A706-37FB5E0F6BEB}"
EndProject
Project("{9A19103F-16F7-4668-BE54-9A1E7A4F7556}") = "LoginApp.Forms", "LoginApp.Forms\LoginApp.Forms.csproj", "{F08E553A-B99B-49BF-A61D-B20C32E98B74}"
EndProject
Project("{FAE04EC0-301F-11D3-BF4B-00C04F79EFBC}") = "LoginApp.Forms.iOS", "LoginApp.Forms.iOS\LoginApp.Forms.iOS.csproj", "{BFB2CA00-73E2-4289-9F66-785DE6B7EA7C}"
EndProject
Global
	GlobalSection(SolutionConfigurationPlatforms) = preSolution
		Ad-Hoc|Any CPU = Ad-Hoc|Any CPU
		Ad-Hoc|ARM = Ad-Hoc|ARM
		Ad-Hoc|ARM64 = Ad-Hoc|ARM64
		Ad-Hoc|iPhone = Ad-Hoc|iPhone
		Ad-Hoc|iPhoneSimulator = Ad-Hoc|iPhoneSimulator
		Ad-Hoc|x64 = Ad-Hoc|x64
		Ad-Hoc|x86 = Ad-Hoc|x86
		AppStore|Any CPU = AppStore|Any CPU
		AppStore|ARM = AppStore|ARM
		AppStore|ARM64 = AppStore|ARM64
		AppStore|iPhone = AppStore|iPhone
		AppStore|iPhoneSimulator = AppStore|iPhoneSimulator
		AppStore|x64 = AppStore|x64
		AppStore|x86 = AppStore|x86
		Debug|Any CPU = Debug|Any CPU
		Debug|ARM = Debug|ARM
		Debug|ARM64 = Debug|ARM64
		Debug|iPhone = Debug|iPhone
		Debug|iPhoneSimulator = Debug|iPhoneSimulator
		Debug|x64 = Debug|x64
		Debug|x86 = Debug|x86
		Release|Any CPU = Release|Any CPU
		Release|ARM = Release|ARM
		Release|ARM64 = Release|ARM64
		Release|iPhone = Release|iPhone
		Release|iPhoneSimulator = Release|iPhoneSimulator
		Release|x64 = Release|x64
		Release|x86 = Release|x86
	EndGlobalSection
	GlobalSection(ProjectConfigurationPlatforms) = postSolution
		{A4B47D0D-AA6A-4698-A8FE-612ADE83BBFC}.Ad-Hoc|Any CPU.ActiveCfg = Release|Any CPU
		{A4B47D0D-AA6A-4698-A8FE-612ADE83BBFC}.Ad-Hoc|Any CPU.Build.0 = Release|Any CPU
		{A4B47D0D-AA6A-4698-A8FE-612ADE83BBFC}.Ad-Hoc|ARM.ActiveCfg = Debug|Any CPU
		{A4B47D0D-AA6A-4698-A8FE-612ADE83BBFC}.Ad-Hoc|ARM.Build.0 = Debug|Any CPU
		{A4B47D0D-AA6A-4698-A8FE-612ADE83BBFC}.Ad-Hoc|ARM64.ActiveCfg = Debug|Any CPU
		{A4B47D0D-AA6A-4698-A8FE-612ADE83BBFC}.Ad-Hoc|ARM64.Build.0 = Debug|Any CPU
		{A4B47D0D-AA6A-4698-A8FE-612ADE83BBFC}.Ad-Hoc|iPhone.ActiveCfg = Debug|Any CPU
		{A4B47D0D-AA6A-4698-A8FE-612ADE83BBFC}.Ad-Hoc|iPhone.Build.0 = Debug|Any CPU
		{A4B47D0D-AA6A-4698-A8FE-612ADE83BBFC}.Ad-Hoc|iPhoneSimulator.ActiveCfg = Release|Any CPU
		{A4B47D0D-AA6A-4698-A8FE-612ADE83BBFC}.Ad-Hoc|iPhoneSimulator.Build.0 = Release|Any CPU
		{A4B47D0D-AA6A-4698-A8FE-612ADE83BBFC}.Ad-Hoc|x64.ActiveCfg = Debug|Any CPU
		{A4B47D0D-AA6A-4698-A8FE-612ADE83BBFC}.Ad-Hoc|x64.Build.0 = Debug|Any CPU
		{A4B47D0D-AA6A-4698-A8FE-612ADE83BBFC}.Ad-Hoc|x86.ActiveCfg = Debug|Any CPU
		{A4B47D0D-AA6A-4698-A8FE-612ADE83BBFC}.Ad-Hoc|x86.Build.0 = Debug|Any CPU
		{A4B47D0D-AA6A-4698-A8FE-612ADE83BBFC}.AppStore|Any CPU.ActiveCfg = Release|Any CPU
		{A4B47D0D-AA6A-4698-A8FE-612ADE83BBFC}.AppStore|Any CPU.Build.0 = Release|Any CPU
		{A4B47D0D-AA6A-4698-A8FE-612ADE83BBFC}.AppStore|ARM.ActiveCfg = Debug|Any CPU
		{A4B47D0D-AA6A-4698-A8FE-612ADE83BBFC}.AppStore|ARM.Build.0 = Debug|Any CPU
		{A4B47D0D-AA6A-4698-A8FE-612ADE83BBFC}.AppStore|ARM64.ActiveCfg = Debug|Any CPU
		{A4B47D0D-AA6A-4698-A8FE-612ADE83BBFC}.AppStore|ARM64.Build.0 = Debug|Any CPU
		{A4B47D0D-AA6A-4698-A8FE-612ADE83BBFC}.AppStore|iPhone.ActiveCfg = Debug|Any CPU
		{A4B47D0D-AA6A-4698-A8FE-612ADE83BBFC}.AppStore|iPhone.Build.0 = Debug|Any CPU
		{A4B47D0D-AA6A-4698-A8FE-612ADE83BBFC}.AppStore|iPhoneSimulator.ActiveCfg = Release|Any CPU
		{A4B47D0D-AA6A-4698-A8FE-612ADE83BBFC}.AppStore|iPhoneSimulator.Build.0 = Release|Any CPU
		{A4B47D0D-AA6A-4698-A8FE-612ADE83BBFC}.AppStore|x64.ActiveCfg = Debug|Any CPU
		{A4B47D0D-AA6A-4698-A8FE-612ADE83BBFC}.AppStore|x64.Build.0 = Debug|Any CPU
		{A4B47D0D-AA6A-4698-A8FE-612ADE83BBFC}.AppStore|x86.ActiveCfg = Debug|Any CPU
		{A4B47D0D-AA6A-4698-A8FE-612ADE83BBFC}.AppStore|x86.Build.0 = Debug|Any CPU
		{A4B47D0D-AA6A-4698-A8FE-612ADE83BBFC}.Debug|Any CPU.ActiveCfg = Debug|Any CPU
		{A4B47D0D-AA6A-4698-A8FE-612ADE83BBFC}.Debug|Any CPU.Build.0 = Debug|Any CPU
		{A4B47D0D-AA6A-4698-A8FE-612ADE83BBFC}.Debug|ARM.ActiveCfg = Debug|Any CPU
		{A4B47D0D-AA6A-4698-A8FE-612ADE83BBFC}.Debug|ARM.Build.0 = Debug|Any CPU
		{A4B47D0D-AA6A-4698-A8FE-612ADE83BBFC}.Debug|ARM64.ActiveCfg = Debug|Any CPU
		{A4B47D0D-AA6A-4698-A8FE-612ADE83BBFC}.Debug|ARM64.Build.0 = Debug|Any CPU
		{A4B47D0D-AA6A-4698-A8FE-612ADE83BBFC}.Debug|iPhone.ActiveCfg = Debug|Any CPU
		{A4B47D0D-AA6A-4698-A8FE-612ADE83BBFC}.Debug|iPhone.Build.0 = Debug|Any CPU
		{A4B47D0D-AA6A-4698-A8FE-612ADE83BBFC}.Debug|iPhoneSimulator.ActiveCfg = Debug|Any CPU
		{A4B47D0D-AA6A-4698-A8FE-612ADE83BBFC}.Debug|iPhoneSimulator.Build.0 = Debug|Any CPU
		{A4B47D0D-AA6A-4698-A8FE-612ADE83BBFC}.Debug|x64.ActiveCfg = Debug|Any CPU
		{A4B47D0D-AA6A-4698-A8FE-612ADE83BBFC}.Debug|x64.Build.0 = Debug|Any CPU
		{A4B47D0D-AA6A-4698-A8FE-612ADE83BBFC}.Debug|x86.ActiveCfg = Debug|Any CPU
		{A4B47D0D-AA6A-4698-A8FE-612ADE83BBFC}.Debug|x86.Build.0 = Debug|Any CPU
		{A4B47D0D-AA6A-4698-A8FE-612ADE83BBFC}.Release|Any CPU.ActiveCfg = Release|Any CPU
		{A4B47D0D-AA6A-4698-A8FE-612ADE83BBFC}.Release|Any CPU.Build.0 = Release|Any CPU
		{A4B47D0D-AA6A-4698-A8FE-612ADE83BBFC}.Release|ARM.ActiveCfg = Release|Any CPU
		{A4B47D0D-AA6A-4698-A8FE-612ADE83BBFC}.Release|ARM.Build.0 = Release|Any CPU
		{A4B47D0D-AA6A-4698-A8FE-612ADE83BBFC}.Release|ARM64.ActiveCfg = Release|Any CPU
		{A4B47D0D-AA6A-4698-A8FE-612ADE83BBFC}.Release|ARM64.Build.0 = Release|Any CPU
		{A4B47D0D-AA6A-4698-A8FE-612ADE83BBFC}.Release|iPhone.ActiveCfg = Release|Any CPU
		{A4B47D0D-AA6A-4698-A8FE-612ADE83BBFC}.Release|iPhone.Build.0 = Release|Any CPU
		{A4B47D0D-AA6A-4698-A8FE-612ADE83BBFC}.Release|iPhoneSimulator.ActiveCfg = Release|Any CPU
		{A4B47D0D-AA6A-4698-A8FE-612ADE83BBFC}.Release|iPhoneSimulator.Build.0 = Release|Any CPU
		{A4B47D0D-AA6A-4698-A8FE-612ADE83BBFC}.Release|x64.ActiveCfg = Release|Any CPU
		{A4B47D0D-AA6A-4698-A8FE-612ADE83BBFC}.Release|x64.Build.0 = Release|Any CPU
		{A4B47D0D-AA6A-4698-A8FE-612ADE83BBFC}.Release|x86.ActiveCfg = Release|Any CPU
		{A4B47D0D-AA6A-4698-A8FE-612ADE83BBFC}.Release|x86.Build.0 = Release|Any CPU
		{F08E553A-B99B-49BF-A61D-B20C32E98B74}.Ad-Hoc|Any CPU.ActiveCfg = Release|Any CPU
		{F08E553A-B99B-49BF-A61D-B20C32E98B74}.Ad-Hoc|Any CPU.Build.0 = Release|Any CPU
		{F08E553A-B99B-49BF-A61D-B20C32E98B74}.Ad-Hoc|ARM.ActiveCfg = Debug|Any CPU
		{F08E553A-B99B-49BF-A61D-B20C32E98B74}.Ad-Hoc|ARM.Build.0 = Debug|Any CPU
		{F08E553A-B99B-49BF-A61D-B20C32E98B74}.Ad-Hoc|ARM64.ActiveCfg = Debug|Any CPU
		{F08E553A-B99B-49BF-A61D-B20C32E98B74}.Ad-Hoc|ARM64.Build.0 = Debug|Any CPU
		{F08E553A-B99B-49BF-A61D-B20C32E98B74}.Ad-Hoc|iPhone.ActiveCfg = Debug|Any CPU
		{F08E553A-B99B-49BF-A61D-B20C32E98B74}.Ad-Hoc|iPhone.Build.0 = Debug|Any CPU
		{F08E553A-B99B-49BF-A61D-B20C32E98B74}.Ad-Hoc|iPhoneSimulator.ActiveCfg = Release|Any CPU
		{F08E553A-B99B-49BF-A61D-B20C32E98B74}.Ad-Hoc|iPhoneSimulator.Build.0 = Release|Any CPU
		{F08E553A-B99B-49BF-A61D-B20C32E98B74}.Ad-Hoc|x64.ActiveCfg = Debug|Any CPU
		{F08E553A-B99B-49BF-A61D-B20C32E98B74}.Ad-Hoc|x64.Build.0 = Debug|Any CPU
		{F08E553A-B99B-49BF-A61D-B20C32E98B74}.Ad-Hoc|x86.ActiveCfg = Debug|Any CPU
		{F08E553A-B99B-49BF-A61D-B20C32E98B74}.Ad-Hoc|x86.Build.0 = Debug|Any CPU
		{F08E553A-B99B-49BF-A61D-B20C32E98B74}.AppStore|Any CPU.ActiveCfg = Release|Any CPU
		{F08E553A-B99B-49BF-A61D-B20C32E98B74}.AppStore|Any CPU.Build.0 = Release|Any CPU
		{F08E553A-B99B-49BF-A61D-B20C32E98B74}.AppStore|ARM.ActiveCfg = Debug|Any CPU
		{F08E553A-B99B-49BF-A61D-B20C32E98B74}.AppStore|ARM.Build.0 = Debug|Any CPU
		{F08E553A-B99B-49BF-A61D-B20C32E98B74}.AppStore|ARM64.ActiveCfg = Debug|Any CPU
		{F08E553A-B99B-49BF-A61D-B20C32E98B74}.AppStore|ARM64.Build.0 = Debug|Any CPU
		{F08E553A-B99B-49BF-A61D-B20C32E98B74}.AppStore|iPhone.ActiveCfg = Debug|Any CPU
		{F08E553A-B99B-49BF-A61D-B20C32E98B74}.AppStore|iPhone.Build.0 = Debug|Any CPU
		{F08E553A-B99B-49BF-A61D-B20C32E98B74}.AppStore|iPhoneSimulator.ActiveCfg = Release|Any CPU
		{F08E553A-B99B-49BF-A61D-B20C32E98B74}.AppStore|iPhoneSimulator.Build.0 = Release|Any CPU
		{F08E553A-B99B-49BF-A61D-B20C32E98B74}.AppStore|x64.ActiveCfg = Debug|Any CPU
		{F08E553A-B99B-49BF-A61D-B20C32E98B74}.AppStore|x64.Build.0 = Debug|Any CPU
		{F08E553A-B99B-49BF-A61D-B20C32E98B74}.AppStore|x86.ActiveCfg = Debug|Any CPU
		{F08E553A-B99B-49BF-A61D-B20C32E98B74}.AppStore|x86.Build.0 = Debug|Any CPU
		{F08E553A-B99B-49BF-A61D-B20C32E98B74}.Debug|Any CPU.ActiveCfg = Debug|Any CPU
		{F08E553A-B99B-49BF-A61D-B20C32E98B74}.Debug|Any CPU.Build.0 = Debug|Any CPU
		{F08E553A-B99B-49BF-A61D-B20C32E98B74}.Debug|ARM.ActiveCfg = Debug|Any CPU
		{F08E553A-B99B-49BF-A61D-B20C32E98B74}.Debug|ARM.Build.0 = Debug|Any CPU
		{F08E553A-B99B-49BF-A61D-B20C32E98B74}.Debug|ARM64.ActiveCfg = Debug|Any CPU
		{F08E553A-B99B-49BF-A61D-B20C32E98B74}.Debug|ARM64.Build.0 = Debug|Any CPU
		{F08E553A-B99B-49BF-A61D-B20C32E98B74}.Debug|iPhone.ActiveCfg = Debug|Any CPU
		{F08E553A-B99B-49BF-A61D-B20C32E98B74}.Debug|iPhone.Build.0 = Debug|Any CPU
		{F08E553A-B99B-49BF-A61D-B20C32E98B74}.Debug|iPhoneSimulator.ActiveCfg = Debug|Any CPU
		{F08E553A-B99B-49BF-A61D-B20C32E98B74}.Debug|iPhoneSimulator.Build.0 = Debug|Any CPU
		{F08E553A-B99B-49BF-A61D-B20C32E98B74}.Debug|x64.ActiveCfg = Debug|Any CPU
		{F08E553A-B99B-49BF-A61D-B20C32E98B74}.Debug|x64.Build.0 = Debug|Any CPU
		{F08E553A-B99B-49BF-A61D-B20C32E98B74}.Debug|x86.ActiveCfg = Debug|Any CPU
		{F08E553A-B99B-49BF-A61D-B20C32E98B74}.Debug|x86.Build.0 = Debug|Any CPU
		{F08E553A-B99B-49BF-A61D-B20C32E98B74}.Release|Any CPU.ActiveCfg = Release|Any CPU
		{F08E553A-B99B-49BF-A61D-B20C32E98B74}.Release|Any CPU.Build.0 = Release|Any CPU
		{F08E553A-B99B-49BF-A61D-B20C32E98B74}.Release|ARM.ActiveCfg = Release|Any CPU
		{F08E553A-B99B-49BF-A61D-B20C32E98B74}.Release|ARM.Build.0 = Release|Any CPU
		{F08E553A-B99B-49BF-A61D-B20C32E98B74}.Release|ARM64.ActiveCfg = Release|Any CPU
		{F08E553A-B99B-49BF-A61D-B20C32E98B74}.Release|ARM64.Build.0 = Release|Any CPU
		{F08E553A-B99B-49BF-A61D-B20C32E98B74}.Release|iPhone.ActiveCfg = Release|Any CPU
		{F08E553A-B99B-49BF-A61D-B20C32E98B74}.Release|iPhone.Build.0 = Release|Any CPU
		{F08E553A-B99B-49BF-A61D-B20C32E98B74}.Release|iPhoneSimulator.ActiveCfg = Release|Any CPU
		{F08E553A-B99B-49BF-A61D-B20C32E98B74}.Release|iPhoneSimulator.Build.0 = Release|Any CPU
		{F08E553A-B99B-49BF-A61D-B20C32E98B74}.Release|x64.ActiveCfg = Release|Any CPU
		{F08E553A-B99B-49BF-A61D-B20C32E98B74}.Release|x64.Build.0 = Release|Any CPU
		{F08E553A-B99B-49BF-A61D-B20C32E98B74}.Release|x86.ActiveCfg = Release|Any CPU
		{F08E553A-B99B-49BF-A61D-B20C32E98B74}.Release|x86.Build.0 = Release|Any CPU
		{BFB2CA00-73E2-4289-9F66-785DE6B7EA7C}.Ad-Hoc|Any CPU.ActiveCfg = Ad-Hoc|iPhoneSimulator
		{BFB2CA00-73E2-4289-9F66-785DE6B7EA7C}.Ad-Hoc|ARM.ActiveCfg = Ad-Hoc|iPhoneSimulator
		{BFB2CA00-73E2-4289-9F66-785DE6B7EA7C}.Ad-Hoc|ARM64.ActiveCfg = Ad-Hoc|iPhoneSimulator
		{BFB2CA00-73E2-4289-9F66-785DE6B7EA7C}.Ad-Hoc|iPhone.ActiveCfg = Ad-Hoc|iPhone
		{BFB2CA00-73E2-4289-9F66-785DE6B7EA7C}.Ad-Hoc|iPhone.Build.0 = Ad-Hoc|iPhone
		{BFB2CA00-73E2-4289-9F66-785DE6B7EA7C}.Ad-Hoc|iPhoneSimulator.ActiveCfg = Ad-Hoc|iPhoneSimulator
		{BFB2CA00-73E2-4289-9F66-785DE6B7EA7C}.Ad-Hoc|iPhoneSimulator.Build.0 = Ad-Hoc|iPhoneSimulator
		{BFB2CA00-73E2-4289-9F66-785DE6B7EA7C}.Ad-Hoc|x64.ActiveCfg = Ad-Hoc|iPhoneSimulator
		{BFB2CA00-73E2-4289-9F66-785DE6B7EA7C}.Ad-Hoc|x86.ActiveCfg = Ad-Hoc|iPhoneSimulator
		{BFB2CA00-73E2-4289-9F66-785DE6B7EA7C}.AppStore|Any CPU.ActiveCfg = AppStore|iPhoneSimulator
		{BFB2CA00-73E2-4289-9F66-785DE6B7EA7C}.AppStore|ARM.ActiveCfg = AppStore|iPhoneSimulator
		{BFB2CA00-73E2-4289-9F66-785DE6B7EA7C}.AppStore|ARM64.ActiveCfg = AppStore|iPhoneSimulator
		{BFB2CA00-73E2-4289-9F66-785DE6B7EA7C}.AppStore|iPhone.ActiveCfg = AppStore|iPhone
		{BFB2CA00-73E2-4289-9F66-785DE6B7EA7C}.AppStore|iPhone.Build.0 = AppStore|iPhone
		{BFB2CA00-73E2-4289-9F66-785DE6B7EA7C}.AppStore|iPhoneSimulator.ActiveCfg = AppStore|iPhoneSimulator
		{BFB2CA00-73E2-4289-9F66-785DE6B7EA7C}.AppStore|iPhoneSimulator.Build.0 = AppStore|iPhoneSimulator
		{BFB2CA00-73E2-4289-9F66-785DE6B7EA7C}.AppStore|x64.ActiveCfg = AppStore|iPhoneSimulator
		{BFB2CA00-73E2-4289-9F66-785DE6B7EA7C}.AppStore|x86.ActiveCfg = AppStore|iPhoneSimulator
		{BFB2CA00-73E2-4289-9F66-785DE6B7EA7C}.Debug|Any CPU.ActiveCfg = Debug|iPhoneSimulator
		{BFB2CA00-73E2-4289-9F66-785DE6B7EA7C}.Debug|ARM.ActiveCfg = Debug|iPhoneSimulator
		{BFB2CA00-73E2-4289-9F66-785DE6B7EA7C}.Debug|ARM64.ActiveCfg = Debug|iPhoneSimulator
		{BFB2CA00-73E2-4289-9F66-785DE6B7EA7C}.Debug|iPhone.ActiveCfg = Debug|iPhone
		{BFB2CA00-73E2-4289-9F66-785DE6B7EA7C}.Debug|iPhone.Build.0 = Debug|iPhone
		{BFB2CA00-73E2-4289-9F66-785DE6B7EA7C}.Debug|iPhoneSimulator.ActiveCfg = Debug|iPhoneSimulator
		{BFB2CA00-73E2-4289-9F66-785DE6B7EA7C}.Debug|iPhoneSimulator.Build.0 = Debug|iPhoneSimulator
		{BFB2CA00-73E2-4289-9F66-785DE6B7EA7C}.Debug|x64.ActiveCfg = Debug|iPhoneSimulator
		{BFB2CA00-73E2-4289-9F66-785DE6B7EA7C}.Debug|x86.ActiveCfg = Debug|iPhoneSimulator
		{BFB2CA00-73E2-4289-9F66-785DE6B7EA7C}.Release|Any CPU.ActiveCfg = Release|iPhoneSimulator
		{BFB2CA00-73E2-4289-9F66-785DE6B7EA7C}.Release|ARM.ActiveCfg = Release|iPhoneSimulator
		{BFB2CA00-73E2-4289-9F66-785DE6B7EA7C}.Release|ARM64.ActiveCfg = Release|iPhoneSimulator
		{BFB2CA00-73E2-4289-9F66-785DE6B7EA7C}.Release|iPhone.ActiveCfg = Release|iPhone
		{BFB2CA00-73E2-4289-9F66-785DE6B7EA7C}.Release|iPhone.Build.0 = Release|iPhone
		{BFB2CA00-73E2-4289-9F66-785DE6B7EA7C}.Release|iPhoneSimulator.ActiveCfg = Release|iPhoneSimulator
		{BFB2CA00-73E2-4289-9F66-785DE6B7EA7C}.Release|iPhoneSimulator.Build.0 = Release|iPhoneSimulator
		{BFB2CA00-73E2-4289-9F66-785DE6B7EA7C}.Release|x64.ActiveCfg = Release|iPhoneSimulator
		{BFB2CA00-73E2-4289-9F66-785DE6B7EA7C}.Release|x86.ActiveCfg = Release|iPhoneSimulator
	EndGlobalSection
	GlobalSection(SolutionProperties) = preSolution
		HideSolutionNode = FALSE
	EndGlobalSection
	GlobalSection(NestedProjects) = preSolution
		{F08E553A-B99B-49BF-A61D-B20C32E98B74} = {ECC07E3E-9E01-410F-A706-37FB5E0F6BEB}
		{BFB2CA00-73E2-4289-9F66-785DE6B7EA7C} = {ECC07E3E-9E01-410F-A706-37FB5E0F6BEB}
	EndGlobalSection
	GlobalSection(ExtensibilityGlobals) = postSolution
		SolutionGuid = {CE1A0103-12B1-41C7-A0F3-970A18B953AA}
	EndGlobalSection
	GlobalSection(MonoDevelopProperties) = preSolution
		Policies = $0
		$0.StandardHeader = $1
		$1.Text = @extensions: designer.cs generated.cs\nextensions: .cs .cpp .h\n// Licensed to the .NET Foundation under one or more agreements.\n// The .NET Foundation licenses this file to you under the MIT license.\n// See the LICENSE file in the project root for more information.\n\nextensions:  .xml .config .xsd\n<!--\nLicensed to the .NET Foundation under one or more agreements.\nThe .NET Foundation licenses this file to you under the MIT license.\nSee the LICENSE file in the project root for more information.\n-->
	EndGlobalSection
EndGlobal
