
Microsoft Visual Studio Solution File, Format Version 12.00
# Visual Studio 15
Project("{FAE04EC0-301F-11D3-BF4B-00C04F79EFBC}") = "LoginApp.Android", "LoginApp.Android\LoginApp.Android.csproj", "{CA4F85FE-2FA5-44F3-A718-882E8E53F31B}"
EndProject
Project("{FAE04EC0-301F-11D3-BF4B-00C04F79EFBC}") = "LoginApp.iOS", "LoginApp.iOS\LoginApp.iOS.csproj", "{BFB2CA00-73E2-4289-9F66-785DE6B7EA7C}"
EndProject
Project("{FAE04EC0-301F-11D3-BF4B-00C04F79EFBC}") = "LoginApp", "LoginApp\LoginApp.csproj", "{A4B47D0D-AA6A-4698-A8FE-612ADE83BBFC}"
EndProject
Global
	GlobalSection(SolutionConfigurationPlatforms) = preSolution
		Debug|Any CPU = Debug|Any CPU
		Release|Any CPU = Release|Any CPU
		Debug|iPhoneSimulator = Debug|iPhoneSimulator
		Release|iPhoneSimulator = Release|iPhoneSimulator
		Debug|iPhone = Debug|iPhone
		Release|iPhone = Release|iPhone
		Ad-Hoc|iPhone = Ad-Hoc|iPhone
		AppStore|iPhone = AppStore|iPhone
	EndGlobalSection
	GlobalSection(ProjectConfigurationPlatforms) = postSolution
		{CA4F85FE-2FA5-44F3-A718-882E8E53F31B}.Debug|Any CPU.ActiveCfg = Debug|Any CPU
		{CA4F85FE-2FA5-44F3-A718-882E8E53F31B}.Debug|Any CPU.Build.0 = Debug|Any CPU
		{CA4F85FE-2FA5-44F3-A718-882E8E53F31B}.Release|Any CPU.ActiveCfg = Release|Any CPU
		{CA4F85FE-2FA5-44F3-A718-882E8E53F31B}.Release|Any CPU.Build.0 = Release|Any CPU
		{CA4F85FE-2FA5-44F3-A718-882E8E53F31B}.Debug|iPhoneSimulator.ActiveCfg = Debug|Any CPU
		{CA4F85FE-2FA5-44F3-A718-882E8E53F31B}.Debug|iPhoneSimulator.Build.0 = Debug|Any CPU
		{CA4F85FE-2FA5-44F3-A718-882E8E53F31B}.Release|iPhoneSimulator.ActiveCfg = Release|Any CPU
		{CA4F85FE-2FA5-44F3-A718-882E8E53F31B}.Release|iPhoneSimulator.Build.0 = Release|Any CPU
		{CA4F85FE-2FA5-44F3-A718-882E8E53F31B}.Debug|iPhone.ActiveCfg = Debug|Any CPU
		{CA4F85FE-2FA5-44F3-A718-882E8E53F31B}.Debug|iPhone.Build.0 = Debug|Any CPU
		{CA4F85FE-2FA5-44F3-A718-882E8E53F31B}.Release|iPhone.ActiveCfg = Release|Any CPU
		{CA4F85FE-2FA5-44F3-A718-882E8E53F31B}.Release|iPhone.Build.0 = Release|Any CPU
		{CA4F85FE-2FA5-44F3-A718-882E8E53F31B}.Ad-Hoc|iPhone.ActiveCfg = Debug|Any CPU
		{CA4F85FE-2FA5-44F3-A718-882E8E53F31B}.Ad-Hoc|iPhone.Build.0 = Debug|Any CPU
		{CA4F85FE-2FA5-44F3-A718-882E8E53F31B}.AppStore|iPhone.ActiveCfg = Debug|Any CPU
		{CA4F85FE-2FA5-44F3-A718-882E8E53F31B}.AppStore|iPhone.Build.0 = Debug|Any CPU
		{BFB2CA00-73E2-4289-9F66-785DE6B7EA7C}.Debug|Any CPU.ActiveCfg = Debug|iPhoneSimulator
		{BFB2CA00-73E2-4289-9F66-785DE6B7EA7C}.Debug|Any CPU.Build.0 = Debug|iPhoneSimulator
		{BFB2CA00-73E2-4289-9F66-785DE6B7EA7C}.Release|Any CPU.ActiveCfg = Release|iPhoneSimulator
		{BFB2CA00-73E2-4289-9F66-785DE6B7EA7C}.Release|Any CPU.Build.0 = Release|iPhoneSimulator
		{BFB2CA00-73E2-4289-9F66-785DE6B7EA7C}.Debug|iPhoneSimulator.ActiveCfg = Debug|iPhoneSimulator
		{BFB2CA00-73E2-4289-9F66-785DE6B7EA7C}.Debug|iPhoneSimulator.Build.0 = Debug|iPhoneSimulator
		{BFB2CA00-73E2-4289-9F66-785DE6B7EA7C}.Release|iPhoneSimulator.ActiveCfg = Release|iPhoneSimulator
		{BFB2CA00-73E2-4289-9F66-785DE6B7EA7C}.Release|iPhoneSimulator.Build.0 = Release|iPhoneSimulator
		{BFB2CA00-73E2-4289-9F66-785DE6B7EA7C}.Debug|iPhone.ActiveCfg = Debug|iPhone
		{BFB2CA00-73E2-4289-9F66-785DE6B7EA7C}.Debug|iPhone.Build.0 = Debug|iPhone
		{BFB2CA00-73E2-4289-9F66-785DE6B7EA7C}.Release|iPhone.ActiveCfg = Release|iPhone
		{BFB2CA00-73E2-4289-9F66-785DE6B7EA7C}.Release|iPhone.Build.0 = Release|iPhone
		{BFB2CA00-73E2-4289-9F66-785DE6B7EA7C}.Ad-Hoc|iPhone.ActiveCfg = Ad-Hoc|iPhone
		{BFB2CA00-73E2-4289-9F66-785DE6B7EA7C}.Ad-Hoc|iPhone.Build.0 = Ad-Hoc|iPhone
		{BFB2CA00-73E2-4289-9F66-785DE6B7EA7C}.AppStore|iPhone.ActiveCfg = AppStore|iPhone
		{BFB2CA00-73E2-4289-9F66-785DE6B7EA7C}.AppStore|iPhone.Build.0 = AppStore|iPhone
		{A4B47D0D-AA6A-4698-A8FE-612ADE83BBFC}.Debug|Any CPU.ActiveCfg = Debug|Any CPU
		{A4B47D0D-AA6A-4698-A8FE-612ADE83BBFC}.Debug|Any CPU.Build.0 = Debug|Any CPU
		{A4B47D0D-AA6A-4698-A8FE-612ADE83BBFC}.Release|Any CPU.ActiveCfg = Release|Any CPU
		{A4B47D0D-AA6A-4698-A8FE-612ADE83BBFC}.Release|Any CPU.Build.0 = Release|Any CPU
		{A4B47D0D-AA6A-4698-A8FE-612ADE83BBFC}.Debug|iPhoneSimulator.ActiveCfg = Debug|Any CPU
		{A4B47D0D-AA6A-4698-A8FE-612ADE83BBFC}.Debug|iPhoneSimulator.Build.0 = Debug|Any CPU
		{A4B47D0D-AA6A-4698-A8FE-612ADE83BBFC}.Release|iPhoneSimulator.ActiveCfg = Release|Any CPU
		{A4B47D0D-AA6A-4698-A8FE-612ADE83BBFC}.Release|iPhoneSimulator.Build.0 = Release|Any CPU
		{A4B47D0D-AA6A-4698-A8FE-612ADE83BBFC}.Debug|iPhone.ActiveCfg = Debug|Any CPU
		{A4B47D0D-AA6A-4698-A8FE-612ADE83BBFC}.Debug|iPhone.Build.0 = Debug|Any CPU
		{A4B47D0D-AA6A-4698-A8FE-612ADE83BBFC}.Release|iPhone.ActiveCfg = Release|Any CPU
		{A4B47D0D-AA6A-4698-A8FE-612ADE83BBFC}.Release|iPhone.Build.0 = Release|Any CPU
		{A4B47D0D-AA6A-4698-A8FE-612ADE83BBFC}.Ad-Hoc|iPhone.ActiveCfg = Debug|Any CPU
		{A4B47D0D-AA6A-4698-A8FE-612ADE83BBFC}.Ad-Hoc|iPhone.Build.0 = Debug|Any CPU
		{A4B47D0D-AA6A-4698-A8FE-612ADE83BBFC}.AppStore|iPhone.ActiveCfg = Debug|Any CPU
		{A4B47D0D-AA6A-4698-A8FE-612ADE83BBFC}.AppStore|iPhone.Build.0 = Debug|Any CPU
	EndGlobalSection
EndGlobal
