
Microsoft Visual Studio Solution File, Format Version 12.00
# Visual Studio Version 16
VisualStudioVersion = 16.0.30413.136
MinimumVisualStudioVersion = 10.0.40219.1
Project("{FAE04EC0-301F-11D3-BF4B-00C04F79EFBC}") = "LoginApp.Android", "LoginApp.Android\LoginApp.Android.csproj", "{CA4F85FE-2FA5-44F3-A718-882E8E53F31B}"
EndProject
Project("{FAE04EC0-301F-11D3-BF4B-00C04F79EFBC}") = "LoginApp.iOS", "LoginApp.iOS\LoginApp.iOS.csproj", "{BFB2CA00-73E2-4289-9F66-785DE6B7EA7C}"
EndProject
Project("{9A19103F-16F7-4668-BE54-9A1E7A4F7556}") = "LoginApp", "LoginApp\LoginApp.csproj", "{A4B47D0D-AA6A-4698-A8FE-612ADE83BBFC}"
EndProject
Project("{2150E333-8FDC-42A3-9474-1A3956D46DE8}") = "Targets", "Targets", "{ECC07E3E-9E01-410F-A706-37FB5E0F6BEB}"
EndProject
Project("{9A19103F-16F7-4668-BE54-9A1E7A4F7556}") = "LoginApp.Forms", "LoginApp.Forms\LoginApp.Forms.csproj", "{F08E553A-B99B-49BF-A61D-B20C32E98B74}"
EndProject
Project("{FAE04EC0-301F-11D3-BF4B-00C04F79EFBC}") = "LoginApp.Avalonia", "LoginApp.Avalonia\LoginApp.Avalonia.csproj", "{F4B2EB39-083D-481D-B159-A3B6F15B3C65}"
EndProject
Project("{FAE04EC0-301F-11D3-BF4B-00C04F79EFBC}") = "LoginApp.Wpf", "LoginApp.Wpf\LoginApp.Wpf.csproj", "{77072631-7F94-4709-A898-7ED571B99A06}"
EndProject
Project("{FAE04EC0-301F-11D3-BF4B-00C04F79EFBC}") = "ReactiveUI.Validation", "..\..\src\ReactiveUI.Validation\ReactiveUI.Validation.csproj", "{15EA7531-1812-4263-BDE1-E40E65B0E155}"
EndProject
Project("{FAE04EC0-301F-11D3-BF4B-00C04F79EFBC}") = "LoginApp.WinForms", "LoginApp.WinForms\LoginApp.WinForms.csproj", "{5098BF01-2DC1-44FD-91DE-FF7CD6B5DE6A}"
EndProject
Global
	GlobalSection(SolutionConfigurationPlatforms) = preSolution
		Ad-Hoc|Any CPU = Ad-Hoc|Any CPU
		Ad-Hoc|iPhone = Ad-Hoc|iPhone
		Ad-Hoc|iPhoneSimulator = Ad-Hoc|iPhoneSimulator
		AppStore|Any CPU = AppStore|Any CPU
		AppStore|iPhone = AppStore|iPhone
		AppStore|iPhoneSimulator = AppStore|iPhoneSimulator
		Debug|Any CPU = Debug|Any CPU
		Debug|iPhone = Debug|iPhone
		Debug|iPhoneSimulator = Debug|iPhoneSimulator
		Release|Any CPU = Release|Any CPU
		Release|iPhone = Release|iPhone
		Release|iPhoneSimulator = Release|iPhoneSimulator
	EndGlobalSection
	GlobalSection(ProjectConfigurationPlatforms) = postSolution
		{CA4F85FE-2FA5-44F3-A718-882E8E53F31B}.Ad-Hoc|Any CPU.ActiveCfg = Release|Any CPU
		{CA4F85FE-2FA5-44F3-A718-882E8E53F31B}.Ad-Hoc|Any CPU.Build.0 = Release|Any CPU
		{CA4F85FE-2FA5-44F3-A718-882E8E53F31B}.Ad-Hoc|Any CPU.Deploy.0 = Release|Any CPU
		{CA4F85FE-2FA5-44F3-A718-882E8E53F31B}.Ad-Hoc|iPhone.ActiveCfg = Debug|Any CPU
		{CA4F85FE-2FA5-44F3-A718-882E8E53F31B}.Ad-Hoc|iPhone.Build.0 = Debug|Any CPU
		{CA4F85FE-2FA5-44F3-A718-882E8E53F31B}.Ad-Hoc|iPhoneSimulator.ActiveCfg = Release|Any CPU
		{CA4F85FE-2FA5-44F3-A718-882E8E53F31B}.Ad-Hoc|iPhoneSimulator.Build.0 = Release|Any CPU
		{CA4F85FE-2FA5-44F3-A718-882E8E53F31B}.Ad-Hoc|iPhoneSimulator.Deploy.0 = Release|Any CPU
		{CA4F85FE-2FA5-44F3-A718-882E8E53F31B}.AppStore|Any CPU.ActiveCfg = Release|Any CPU
		{CA4F85FE-2FA5-44F3-A718-882E8E53F31B}.AppStore|Any CPU.Build.0 = Release|Any CPU
		{CA4F85FE-2FA5-44F3-A718-882E8E53F31B}.AppStore|Any CPU.Deploy.0 = Release|Any CPU
		{CA4F85FE-2FA5-44F3-A718-882E8E53F31B}.AppStore|iPhone.ActiveCfg = Debug|Any CPU
		{CA4F85FE-2FA5-44F3-A718-882E8E53F31B}.AppStore|iPhone.Build.0 = Debug|Any CPU
		{CA4F85FE-2FA5-44F3-A718-882E8E53F31B}.AppStore|iPhoneSimulator.ActiveCfg = Release|Any CPU
		{CA4F85FE-2FA5-44F3-A718-882E8E53F31B}.AppStore|iPhoneSimulator.Build.0 = Release|Any CPU
		{CA4F85FE-2FA5-44F3-A718-882E8E53F31B}.AppStore|iPhoneSimulator.Deploy.0 = Release|Any CPU
		{CA4F85FE-2FA5-44F3-A718-882E8E53F31B}.Debug|Any CPU.ActiveCfg = Debug|Any CPU
		{CA4F85FE-2FA5-44F3-A718-882E8E53F31B}.Debug|Any CPU.Build.0 = Debug|Any CPU
		{CA4F85FE-2FA5-44F3-A718-882E8E53F31B}.Debug|Any CPU.Deploy.0 = Debug|Any CPU
		{CA4F85FE-2FA5-44F3-A718-882E8E53F31B}.Debug|iPhone.ActiveCfg = Debug|Any CPU
		{CA4F85FE-2FA5-44F3-A718-882E8E53F31B}.Debug|iPhone.Build.0 = Debug|Any CPU
		{CA4F85FE-2FA5-44F3-A718-882E8E53F31B}.Debug|iPhoneSimulator.ActiveCfg = Debug|Any CPU
		{CA4F85FE-2FA5-44F3-A718-882E8E53F31B}.Debug|iPhoneSimulator.Build.0 = Debug|Any CPU
		{CA4F85FE-2FA5-44F3-A718-882E8E53F31B}.Release|Any CPU.ActiveCfg = Release|Any CPU
		{CA4F85FE-2FA5-44F3-A718-882E8E53F31B}.Release|Any CPU.Build.0 = Release|Any CPU
		{CA4F85FE-2FA5-44F3-A718-882E8E53F31B}.Release|iPhone.ActiveCfg = Release|Any CPU
		{CA4F85FE-2FA5-44F3-A718-882E8E53F31B}.Release|iPhone.Build.0 = Release|Any CPU
		{CA4F85FE-2FA5-44F3-A718-882E8E53F31B}.Release|iPhoneSimulator.ActiveCfg = Release|Any CPU
		{CA4F85FE-2FA5-44F3-A718-882E8E53F31B}.Release|iPhoneSimulator.Build.0 = Release|Any CPU
		{BFB2CA00-73E2-4289-9F66-785DE6B7EA7C}.Ad-Hoc|Any CPU.ActiveCfg = Ad-Hoc|iPhoneSimulator
		{BFB2CA00-73E2-4289-9F66-785DE6B7EA7C}.Ad-Hoc|iPhone.ActiveCfg = Ad-Hoc|iPhone
		{BFB2CA00-73E2-4289-9F66-785DE6B7EA7C}.Ad-Hoc|iPhone.Build.0 = Ad-Hoc|iPhone
		{BFB2CA00-73E2-4289-9F66-785DE6B7EA7C}.Ad-Hoc|iPhoneSimulator.ActiveCfg = Ad-Hoc|iPhoneSimulator
		{BFB2CA00-73E2-4289-9F66-785DE6B7EA7C}.Ad-Hoc|iPhoneSimulator.Build.0 = Ad-Hoc|iPhoneSimulator
		{BFB2CA00-73E2-4289-9F66-785DE6B7EA7C}.AppStore|Any CPU.ActiveCfg = AppStore|iPhoneSimulator
		{BFB2CA00-73E2-4289-9F66-785DE6B7EA7C}.AppStore|iPhone.ActiveCfg = AppStore|iPhone
		{BFB2CA00-73E2-4289-9F66-785DE6B7EA7C}.AppStore|iPhone.Build.0 = AppStore|iPhone
		{BFB2CA00-73E2-4289-9F66-785DE6B7EA7C}.AppStore|iPhoneSimulator.ActiveCfg = AppStore|iPhoneSimulator
		{BFB2CA00-73E2-4289-9F66-785DE6B7EA7C}.AppStore|iPhoneSimulator.Build.0 = AppStore|iPhoneSimulator
		{BFB2CA00-73E2-4289-9F66-785DE6B7EA7C}.Debug|Any CPU.ActiveCfg = Debug|iPhoneSimulator
		{BFB2CA00-73E2-4289-9F66-785DE6B7EA7C}.Debug|Any CPU.Build.0 = Debug|iPhoneSimulator
		{BFB2CA00-73E2-4289-9F66-785DE6B7EA7C}.Debug|iPhone.ActiveCfg = Debug|iPhone
		{BFB2CA00-73E2-4289-9F66-785DE6B7EA7C}.Debug|iPhone.Build.0 = Debug|iPhone
		{BFB2CA00-73E2-4289-9F66-785DE6B7EA7C}.Debug|iPhoneSimulator.ActiveCfg = Debug|iPhoneSimulator
		{BFB2CA00-73E2-4289-9F66-785DE6B7EA7C}.Debug|iPhoneSimulator.Build.0 = Debug|iPhoneSimulator
		{BFB2CA00-73E2-4289-9F66-785DE6B7EA7C}.Release|Any CPU.ActiveCfg = Release|iPhoneSimulator
		{BFB2CA00-73E2-4289-9F66-785DE6B7EA7C}.Release|Any CPU.Build.0 = Release|iPhoneSimulator
		{BFB2CA00-73E2-4289-9F66-785DE6B7EA7C}.Release|iPhone.ActiveCfg = Release|iPhone
		{BFB2CA00-73E2-4289-9F66-785DE6B7EA7C}.Release|iPhone.Build.0 = Release|iPhone
		{BFB2CA00-73E2-4289-9F66-785DE6B7EA7C}.Release|iPhoneSimulator.ActiveCfg = Release|iPhoneSimulator
		{BFB2CA00-73E2-4289-9F66-785DE6B7EA7C}.Release|iPhoneSimulator.Build.0 = Release|iPhoneSimulator
		{A4B47D0D-AA6A-4698-A8FE-612ADE83BBFC}.Ad-Hoc|Any CPU.ActiveCfg = Release|Any CPU
		{A4B47D0D-AA6A-4698-A8FE-612ADE83BBFC}.Ad-Hoc|Any CPU.Build.0 = Release|Any CPU
		{A4B47D0D-AA6A-4698-A8FE-612ADE83BBFC}.Ad-Hoc|iPhone.ActiveCfg = Debug|Any CPU
		{A4B47D0D-AA6A-4698-A8FE-612ADE83BBFC}.Ad-Hoc|iPhone.Build.0 = Debug|Any CPU
		{A4B47D0D-AA6A-4698-A8FE-612ADE83BBFC}.Ad-Hoc|iPhoneSimulator.ActiveCfg = Release|Any CPU
		{A4B47D0D-AA6A-4698-A8FE-612ADE83BBFC}.Ad-Hoc|iPhoneSimulator.Build.0 = Release|Any CPU
		{A4B47D0D-AA6A-4698-A8FE-612ADE83BBFC}.AppStore|Any CPU.ActiveCfg = Release|Any CPU
		{A4B47D0D-AA6A-4698-A8FE-612ADE83BBFC}.AppStore|Any CPU.Build.0 = Release|Any CPU
		{A4B47D0D-AA6A-4698-A8FE-612ADE83BBFC}.AppStore|iPhone.ActiveCfg = Debug|Any CPU
		{A4B47D0D-AA6A-4698-A8FE-612ADE83BBFC}.AppStore|iPhone.Build.0 = Debug|Any CPU
		{A4B47D0D-AA6A-4698-A8FE-612ADE83BBFC}.AppStore|iPhoneSimulator.ActiveCfg = Release|Any CPU
		{A4B47D0D-AA6A-4698-A8FE-612ADE83BBFC}.AppStore|iPhoneSimulator.Build.0 = Release|Any CPU
		{A4B47D0D-AA6A-4698-A8FE-612ADE83BBFC}.Debug|Any CPU.ActiveCfg = Debug|Any CPU
		{A4B47D0D-AA6A-4698-A8FE-612ADE83BBFC}.Debug|Any CPU.Build.0 = Debug|Any CPU
		{A4B47D0D-AA6A-4698-A8FE-612ADE83BBFC}.Debug|iPhone.ActiveCfg = Debug|Any CPU
		{A4B47D0D-AA6A-4698-A8FE-612ADE83BBFC}.Debug|iPhone.Build.0 = Debug|Any CPU
		{A4B47D0D-AA6A-4698-A8FE-612ADE83BBFC}.Debug|iPhoneSimulator.ActiveCfg = Debug|Any CPU
		{A4B47D0D-AA6A-4698-A8FE-612ADE83BBFC}.Debug|iPhoneSimulator.Build.0 = Debug|Any CPU
		{A4B47D0D-AA6A-4698-A8FE-612ADE83BBFC}.Release|Any CPU.ActiveCfg = Release|Any CPU
		{A4B47D0D-AA6A-4698-A8FE-612ADE83BBFC}.Release|Any CPU.Build.0 = Release|Any CPU
		{A4B47D0D-AA6A-4698-A8FE-612ADE83BBFC}.Release|iPhone.ActiveCfg = Release|Any CPU
		{A4B47D0D-AA6A-4698-A8FE-612ADE83BBFC}.Release|iPhone.Build.0 = Release|Any CPU
		{A4B47D0D-AA6A-4698-A8FE-612ADE83BBFC}.Release|iPhoneSimulator.ActiveCfg = Release|Any CPU
		{A4B47D0D-AA6A-4698-A8FE-612ADE83BBFC}.Release|iPhoneSimulator.Build.0 = Release|Any CPU
		{F08E553A-B99B-49BF-A61D-B20C32E98B74}.Ad-Hoc|Any CPU.ActiveCfg = Release|Any CPU
		{F08E553A-B99B-49BF-A61D-B20C32E98B74}.Ad-Hoc|Any CPU.Build.0 = Release|Any CPU
		{F08E553A-B99B-49BF-A61D-B20C32E98B74}.Ad-Hoc|iPhone.ActiveCfg = Debug|Any CPU
		{F08E553A-B99B-49BF-A61D-B20C32E98B74}.Ad-Hoc|iPhone.Build.0 = Debug|Any CPU
		{F08E553A-B99B-49BF-A61D-B20C32E98B74}.Ad-Hoc|iPhoneSimulator.ActiveCfg = Release|Any CPU
		{F08E553A-B99B-49BF-A61D-B20C32E98B74}.Ad-Hoc|iPhoneSimulator.Build.0 = Release|Any CPU
		{F08E553A-B99B-49BF-A61D-B20C32E98B74}.AppStore|Any CPU.ActiveCfg = Release|Any CPU
		{F08E553A-B99B-49BF-A61D-B20C32E98B74}.AppStore|Any CPU.Build.0 = Release|Any CPU
		{F08E553A-B99B-49BF-A61D-B20C32E98B74}.AppStore|iPhone.ActiveCfg = Debug|Any CPU
		{F08E553A-B99B-49BF-A61D-B20C32E98B74}.AppStore|iPhone.Build.0 = Debug|Any CPU
		{F08E553A-B99B-49BF-A61D-B20C32E98B74}.AppStore|iPhoneSimulator.ActiveCfg = Release|Any CPU
		{F08E553A-B99B-49BF-A61D-B20C32E98B74}.AppStore|iPhoneSimulator.Build.0 = Release|Any CPU
		{F08E553A-B99B-49BF-A61D-B20C32E98B74}.Debug|Any CPU.ActiveCfg = Debug|Any CPU
		{F08E553A-B99B-49BF-A61D-B20C32E98B74}.Debug|Any CPU.Build.0 = Debug|Any CPU
		{F08E553A-B99B-49BF-A61D-B20C32E98B74}.Debug|iPhone.ActiveCfg = Debug|Any CPU
		{F08E553A-B99B-49BF-A61D-B20C32E98B74}.Debug|iPhone.Build.0 = Debug|Any CPU
		{F08E553A-B99B-49BF-A61D-B20C32E98B74}.Debug|iPhoneSimulator.ActiveCfg = Debug|Any CPU
		{F08E553A-B99B-49BF-A61D-B20C32E98B74}.Debug|iPhoneSimulator.Build.0 = Debug|Any CPU
		{F08E553A-B99B-49BF-A61D-B20C32E98B74}.Release|Any CPU.ActiveCfg = Release|Any CPU
		{F08E553A-B99B-49BF-A61D-B20C32E98B74}.Release|Any CPU.Build.0 = Release|Any CPU
		{F08E553A-B99B-49BF-A61D-B20C32E98B74}.Release|iPhone.ActiveCfg = Release|Any CPU
		{F08E553A-B99B-49BF-A61D-B20C32E98B74}.Release|iPhone.Build.0 = Release|Any CPU
		{F08E553A-B99B-49BF-A61D-B20C32E98B74}.Release|iPhoneSimulator.ActiveCfg = Release|Any CPU
		{F08E553A-B99B-49BF-A61D-B20C32E98B74}.Release|iPhoneSimulator.Build.0 = Release|Any CPU
		{F4B2EB39-083D-481D-B159-A3B6F15B3C65}.Ad-Hoc|Any CPU.ActiveCfg = Debug|Any CPU
		{F4B2EB39-083D-481D-B159-A3B6F15B3C65}.Ad-Hoc|Any CPU.Build.0 = Debug|Any CPU
		{F4B2EB39-083D-481D-B159-A3B6F15B3C65}.Ad-Hoc|iPhone.ActiveCfg = Debug|Any CPU
		{F4B2EB39-083D-481D-B159-A3B6F15B3C65}.Ad-Hoc|iPhone.Build.0 = Debug|Any CPU
		{F4B2EB39-083D-481D-B159-A3B6F15B3C65}.Ad-Hoc|iPhoneSimulator.ActiveCfg = Debug|Any CPU
		{F4B2EB39-083D-481D-B159-A3B6F15B3C65}.Ad-Hoc|iPhoneSimulator.Build.0 = Debug|Any CPU
		{F4B2EB39-083D-481D-B159-A3B6F15B3C65}.AppStore|Any CPU.ActiveCfg = Debug|Any CPU
		{F4B2EB39-083D-481D-B159-A3B6F15B3C65}.AppStore|Any CPU.Build.0 = Debug|Any CPU
		{F4B2EB39-083D-481D-B159-A3B6F15B3C65}.AppStore|iPhone.ActiveCfg = Debug|Any CPU
		{F4B2EB39-083D-481D-B159-A3B6F15B3C65}.AppStore|iPhone.Build.0 = Debug|Any CPU
		{F4B2EB39-083D-481D-B159-A3B6F15B3C65}.AppStore|iPhoneSimulator.ActiveCfg = Debug|Any CPU
		{F4B2EB39-083D-481D-B159-A3B6F15B3C65}.AppStore|iPhoneSimulator.Build.0 = Debug|Any CPU
		{F4B2EB39-083D-481D-B159-A3B6F15B3C65}.Debug|Any CPU.ActiveCfg = Debug|Any CPU
		{F4B2EB39-083D-481D-B159-A3B6F15B3C65}.Debug|Any CPU.Build.0 = Debug|Any CPU
		{F4B2EB39-083D-481D-B159-A3B6F15B3C65}.Debug|iPhone.ActiveCfg = Debug|Any CPU
		{F4B2EB39-083D-481D-B159-A3B6F15B3C65}.Debug|iPhone.Build.0 = Debug|Any CPU
		{F4B2EB39-083D-481D-B159-A3B6F15B3C65}.Debug|iPhoneSimulator.ActiveCfg = Debug|Any CPU
		{F4B2EB39-083D-481D-B159-A3B6F15B3C65}.Debug|iPhoneSimulator.Build.0 = Debug|Any CPU
		{F4B2EB39-083D-481D-B159-A3B6F15B3C65}.Release|Any CPU.ActiveCfg = Release|Any CPU
		{F4B2EB39-083D-481D-B159-A3B6F15B3C65}.Release|Any CPU.Build.0 = Release|Any CPU
		{F4B2EB39-083D-481D-B159-A3B6F15B3C65}.Release|iPhone.ActiveCfg = Release|Any CPU
		{F4B2EB39-083D-481D-B159-A3B6F15B3C65}.Release|iPhone.Build.0 = Release|Any CPU
		{F4B2EB39-083D-481D-B159-A3B6F15B3C65}.Release|iPhoneSimulator.ActiveCfg = Release|Any CPU
		{F4B2EB39-083D-481D-B159-A3B6F15B3C65}.Release|iPhoneSimulator.Build.0 = Release|Any CPU
		{77072631-7F94-4709-A898-7ED571B99A06}.Ad-Hoc|Any CPU.ActiveCfg = Debug|Any CPU
		{77072631-7F94-4709-A898-7ED571B99A06}.Ad-Hoc|Any CPU.Build.0 = Debug|Any CPU
		{77072631-7F94-4709-A898-7ED571B99A06}.Ad-Hoc|iPhone.ActiveCfg = Debug|Any CPU
		{77072631-7F94-4709-A898-7ED571B99A06}.Ad-Hoc|iPhone.Build.0 = Debug|Any CPU
		{77072631-7F94-4709-A898-7ED571B99A06}.Ad-Hoc|iPhoneSimulator.ActiveCfg = Debug|Any CPU
		{77072631-7F94-4709-A898-7ED571B99A06}.Ad-Hoc|iPhoneSimulator.Build.0 = Debug|Any CPU
		{77072631-7F94-4709-A898-7ED571B99A06}.AppStore|Any CPU.ActiveCfg = Debug|Any CPU
		{77072631-7F94-4709-A898-7ED571B99A06}.AppStore|Any CPU.Build.0 = Debug|Any CPU
		{77072631-7F94-4709-A898-7ED571B99A06}.AppStore|iPhone.ActiveCfg = Debug|Any CPU
		{77072631-7F94-4709-A898-7ED571B99A06}.AppStore|iPhone.Build.0 = Debug|Any CPU
		{77072631-7F94-4709-A898-7ED571B99A06}.AppStore|iPhoneSimulator.ActiveCfg = Debug|Any CPU
		{77072631-7F94-4709-A898-7ED571B99A06}.AppStore|iPhoneSimulator.Build.0 = Debug|Any CPU
		{77072631-7F94-4709-A898-7ED571B99A06}.Debug|Any CPU.ActiveCfg = Debug|Any CPU
		{77072631-7F94-4709-A898-7ED571B99A06}.Debug|Any CPU.Build.0 = Debug|Any CPU
		{77072631-7F94-4709-A898-7ED571B99A06}.Debug|iPhone.ActiveCfg = Debug|Any CPU
		{77072631-7F94-4709-A898-7ED571B99A06}.Debug|iPhone.Build.0 = Debug|Any CPU
		{77072631-7F94-4709-A898-7ED571B99A06}.Debug|iPhoneSimulator.ActiveCfg = Debug|Any CPU
		{77072631-7F94-4709-A898-7ED571B99A06}.Debug|iPhoneSimulator.Build.0 = Debug|Any CPU
		{77072631-7F94-4709-A898-7ED571B99A06}.Release|Any CPU.ActiveCfg = Release|Any CPU
		{77072631-7F94-4709-A898-7ED571B99A06}.Release|Any CPU.Build.0 = Release|Any CPU
		{77072631-7F94-4709-A898-7ED571B99A06}.Release|iPhone.ActiveCfg = Release|Any CPU
		{77072631-7F94-4709-A898-7ED571B99A06}.Release|iPhone.Build.0 = Release|Any CPU
		{77072631-7F94-4709-A898-7ED571B99A06}.Release|iPhoneSimulator.ActiveCfg = Release|Any CPU
		{77072631-7F94-4709-A898-7ED571B99A06}.Release|iPhoneSimulator.Build.0 = Release|Any CPU
		{15EA7531-1812-4263-BDE1-E40E65B0E155}.Ad-Hoc|Any CPU.ActiveCfg = Debug|Any CPU
		{15EA7531-1812-4263-BDE1-E40E65B0E155}.Ad-Hoc|Any CPU.Build.0 = Debug|Any CPU
		{15EA7531-1812-4263-BDE1-E40E65B0E155}.Ad-Hoc|iPhone.ActiveCfg = Debug|Any CPU
		{15EA7531-1812-4263-BDE1-E40E65B0E155}.Ad-Hoc|iPhone.Build.0 = Debug|Any CPU
		{15EA7531-1812-4263-BDE1-E40E65B0E155}.Ad-Hoc|iPhoneSimulator.ActiveCfg = Debug|Any CPU
		{15EA7531-1812-4263-BDE1-E40E65B0E155}.Ad-Hoc|iPhoneSimulator.Build.0 = Debug|Any CPU
		{15EA7531-1812-4263-BDE1-E40E65B0E155}.AppStore|Any CPU.ActiveCfg = Debug|Any CPU
		{15EA7531-1812-4263-BDE1-E40E65B0E155}.AppStore|Any CPU.Build.0 = Debug|Any CPU
		{15EA7531-1812-4263-BDE1-E40E65B0E155}.AppStore|iPhone.ActiveCfg = Debug|Any CPU
		{15EA7531-1812-4263-BDE1-E40E65B0E155}.AppStore|iPhone.Build.0 = Debug|Any CPU
		{15EA7531-1812-4263-BDE1-E40E65B0E155}.AppStore|iPhoneSimulator.ActiveCfg = Debug|Any CPU
		{15EA7531-1812-4263-BDE1-E40E65B0E155}.AppStore|iPhoneSimulator.Build.0 = Debug|Any CPU
		{15EA7531-1812-4263-BDE1-E40E65B0E155}.Debug|Any CPU.ActiveCfg = Debug|Any CPU
		{15EA7531-1812-4263-BDE1-E40E65B0E155}.Debug|Any CPU.Build.0 = Debug|Any CPU
		{15EA7531-1812-4263-BDE1-E40E65B0E155}.Debug|iPhone.ActiveCfg = Debug|Any CPU
		{15EA7531-1812-4263-BDE1-E40E65B0E155}.Debug|iPhone.Build.0 = Debug|Any CPU
		{15EA7531-1812-4263-BDE1-E40E65B0E155}.Debug|iPhoneSimulator.ActiveCfg = Debug|Any CPU
		{15EA7531-1812-4263-BDE1-E40E65B0E155}.Debug|iPhoneSimulator.Build.0 = Debug|Any CPU
		{15EA7531-1812-4263-BDE1-E40E65B0E155}.Release|Any CPU.ActiveCfg = Release|Any CPU
		{15EA7531-1812-4263-BDE1-E40E65B0E155}.Release|Any CPU.Build.0 = Release|Any CPU
		{15EA7531-1812-4263-BDE1-E40E65B0E155}.Release|iPhone.ActiveCfg = Release|Any CPU
		{15EA7531-1812-4263-BDE1-E40E65B0E155}.Release|iPhone.Build.0 = Release|Any CPU
		{15EA7531-1812-4263-BDE1-E40E65B0E155}.Release|iPhoneSimulator.ActiveCfg = Release|Any CPU
		{15EA7531-1812-4263-BDE1-E40E65B0E155}.Release|iPhoneSimulator.Build.0 = Release|Any CPU
		{5098BF01-2DC1-44FD-91DE-FF7CD6B5DE6A}.Ad-Hoc|Any CPU.ActiveCfg = Debug|Any CPU
		{5098BF01-2DC1-44FD-91DE-FF7CD6B5DE6A}.Ad-Hoc|Any CPU.Build.0 = Debug|Any CPU
		{5098BF01-2DC1-44FD-91DE-FF7CD6B5DE6A}.Ad-Hoc|iPhone.ActiveCfg = Debug|Any CPU
		{5098BF01-2DC1-44FD-91DE-FF7CD6B5DE6A}.Ad-Hoc|iPhone.Build.0 = Debug|Any CPU
		{5098BF01-2DC1-44FD-91DE-FF7CD6B5DE6A}.Ad-Hoc|iPhoneSimulator.ActiveCfg = Debug|Any CPU
		{5098BF01-2DC1-44FD-91DE-FF7CD6B5DE6A}.Ad-Hoc|iPhoneSimulator.Build.0 = Debug|Any CPU
		{5098BF01-2DC1-44FD-91DE-FF7CD6B5DE6A}.AppStore|Any CPU.ActiveCfg = Debug|Any CPU
		{5098BF01-2DC1-44FD-91DE-FF7CD6B5DE6A}.AppStore|Any CPU.Build.0 = Debug|Any CPU
		{5098BF01-2DC1-44FD-91DE-FF7CD6B5DE6A}.AppStore|iPhone.ActiveCfg = Debug|Any CPU
		{5098BF01-2DC1-44FD-91DE-FF7CD6B5DE6A}.AppStore|iPhone.Build.0 = Debug|Any CPU
		{5098BF01-2DC1-44FD-91DE-FF7CD6B5DE6A}.AppStore|iPhoneSimulator.ActiveCfg = Debug|Any CPU
		{5098BF01-2DC1-44FD-91DE-FF7CD6B5DE6A}.AppStore|iPhoneSimulator.Build.0 = Debug|Any CPU
		{5098BF01-2DC1-44FD-91DE-FF7CD6B5DE6A}.Debug|Any CPU.ActiveCfg = Debug|Any CPU
		{5098BF01-2DC1-44FD-91DE-FF7CD6B5DE6A}.Debug|Any CPU.Build.0 = Debug|Any CPU
		{5098BF01-2DC1-44FD-91DE-FF7CD6B5DE6A}.Debug|iPhone.ActiveCfg = Debug|Any CPU
		{5098BF01-2DC1-44FD-91DE-FF7CD6B5DE6A}.Debug|iPhone.Build.0 = Debug|Any CPU
		{5098BF01-2DC1-44FD-91DE-FF7CD6B5DE6A}.Debug|iPhoneSimulator.ActiveCfg = Debug|Any CPU
		{5098BF01-2DC1-44FD-91DE-FF7CD6B5DE6A}.Debug|iPhoneSimulator.Build.0 = Debug|Any CPU
		{5098BF01-2DC1-44FD-91DE-FF7CD6B5DE6A}.Release|Any CPU.ActiveCfg = Release|Any CPU
		{5098BF01-2DC1-44FD-91DE-FF7CD6B5DE6A}.Release|Any CPU.Build.0 = Release|Any CPU
		{5098BF01-2DC1-44FD-91DE-FF7CD6B5DE6A}.Release|iPhone.ActiveCfg = Release|Any CPU
		{5098BF01-2DC1-44FD-91DE-FF7CD6B5DE6A}.Release|iPhone.Build.0 = Release|Any CPU
		{5098BF01-2DC1-44FD-91DE-FF7CD6B5DE6A}.Release|iPhoneSimulator.ActiveCfg = Release|Any CPU
		{5098BF01-2DC1-44FD-91DE-FF7CD6B5DE6A}.Release|iPhoneSimulator.Build.0 = Release|Any CPU
	EndGlobalSection
	GlobalSection(SolutionProperties) = preSolution
		HideSolutionNode = FALSE
	EndGlobalSection
	GlobalSection(NestedProjects) = preSolution
		{CA4F85FE-2FA5-44F3-A718-882E8E53F31B} = {ECC07E3E-9E01-410F-A706-37FB5E0F6BEB}
		{BFB2CA00-73E2-4289-9F66-785DE6B7EA7C} = {ECC07E3E-9E01-410F-A706-37FB5E0F6BEB}
		{F08E553A-B99B-49BF-A61D-B20C32E98B74} = {ECC07E3E-9E01-410F-A706-37FB5E0F6BEB}
		{F4B2EB39-083D-481D-B159-A3B6F15B3C65} = {ECC07E3E-9E01-410F-A706-37FB5E0F6BEB}
		{77072631-7F94-4709-A898-7ED571B99A06} = {ECC07E3E-9E01-410F-A706-37FB5E0F6BEB}
		{5098BF01-2DC1-44FD-91DE-FF7CD6B5DE6A} = {ECC07E3E-9E01-410F-A706-37FB5E0F6BEB}
	EndGlobalSection
	GlobalSection(ExtensibilityGlobals) = postSolution
		SolutionGuid = {CE1A0103-12B1-41C7-A0F3-970A18B953AA}
	EndGlobalSection
	GlobalSection(MonoDevelopProperties) = preSolution
		Policies = $0
		$0.StandardHeader = $1
		$1.Text = @extensions: designer.cs generated.cs\nextensions: .cs .cpp .h\n// Licensed to the .NET Foundation under one or more agreements.\n// The .NET Foundation licenses this file to you under the MIT license.\n// See the LICENSE file in the project root for more information.\n\nextensions:  .xml .config .xsd\n<!--\nLicensed to the .NET Foundation under one or more agreements.\nThe .NET Foundation licenses this file to you under the MIT license.\nSee the LICENSE file in the project root for more information.\n-->
	EndGlobalSection
EndGlobal
